
Microsoft Visual Studio Solution File, Format Version 12.00
# Visual Studio Version 17
VisualStudioVersion = 17.4.33213.308
MinimumVisualStudioVersion = 10.0.40219.1
Project("{9A19103F-16F7-4668-BE54-9A1E7A4F7556}") = "PepperApp", "PepperApp\PepperApp.csproj", "{9E558D08-8D5F-4080-801E-2845B6097F51}"
EndProject
Project("{9A19103F-16F7-4668-BE54-9A1E7A4F7556}") = "PepperApp.UI", "PepperApp.UI\PepperApp.UI.csproj", "{755C7141-4714-4F1F-AB3C-D9342B72C191}"
EndProject
Project("{9A19103F-16F7-4668-BE54-9A1E7A4F7556}") = "PepperApp.Tests", "PepperApp.Tests\PepperApp.Tests.csproj", "{878B2E43-7022-487C-A0E8-DC6AC6C2FD73}"
EndProject
Project("{2150E333-8FDC-42A3-9474-1A3956D46DE8}") = "Solution Items", "Solution Items", "{49DA6C6B-84E2-4527-957B-5DC0326344CF}"
	ProjectSection(SolutionItems) = preProject
		README.md = README.md
	EndProjectSection
EndProject
Project("{9A19103F-16F7-4668-BE54-9A1E7A4F7556}") = "PepperApp.API", "PepperApp.API\PepperApp.API.csproj", "{12445219-64ED-41AC-B4B3-D04427D6D032}"
	ProjectSection(ProjectDependencies) = postProject
		{9E558D08-8D5F-4080-801E-2845B6097F51} = {9E558D08-8D5F-4080-801E-2845B6097F51}
	EndProjectSection
EndProject
Global
	GlobalSection(SolutionConfigurationPlatforms) = preSolution
		Debug|Any CPU = Debug|Any CPU
		Release|Any CPU = Release|Any CPU
	EndGlobalSection
	GlobalSection(ProjectConfigurationPlatforms) = postSolution
		{9E558D08-8D5F-4080-801E-2845B6097F51}.Debug|Any CPU.ActiveCfg = Debug|Any CPU
		{9E558D08-8D5F-4080-801E-2845B6097F51}.Debug|Any CPU.Build.0 = Debug|Any CPU
		{9E558D08-8D5F-4080-801E-2845B6097F51}.Release|Any CPU.ActiveCfg = Release|Any CPU
		{9E558D08-8D5F-4080-801E-2845B6097F51}.Release|Any CPU.Build.0 = Release|Any CPU
		{755C7141-4714-4F1F-AB3C-D9342B72C191}.Debug|Any CPU.ActiveCfg = Debug|Any CPU
		{755C7141-4714-4F1F-AB3C-D9342B72C191}.Debug|Any CPU.Build.0 = Debug|Any CPU
		{755C7141-4714-4F1F-AB3C-D9342B72C191}.Release|Any CPU.ActiveCfg = Release|Any CPU
		{755C7141-4714-4F1F-AB3C-D9342B72C191}.Release|Any CPU.Build.0 = Release|Any CPU
		{878B2E43-7022-487C-A0E8-DC6AC6C2FD73}.Debug|Any CPU.ActiveCfg = Debug|Any CPU
		{878B2E43-7022-487C-A0E8-DC6AC6C2FD73}.Debug|Any CPU.Build.0 = Debug|Any CPU
		{878B2E43-7022-487C-A0E8-DC6AC6C2FD73}.Release|Any CPU.ActiveCfg = Release|Any CPU
		{878B2E43-7022-487C-A0E8-DC6AC6C2FD73}.Release|Any CPU.Build.0 = Release|Any CPU
		{12445219-64ED-41AC-B4B3-D04427D6D032}.Debug|Any CPU.ActiveCfg = Debug|Any CPU
		{12445219-64ED-41AC-B4B3-D04427D6D032}.Debug|Any CPU.Build.0 = Debug|Any CPU
		{12445219-64ED-41AC-B4B3-D04427D6D032}.Release|Any CPU.ActiveCfg = Release|Any CPU
		{12445219-64ED-41AC-B4B3-D04427D6D032}.Release|Any CPU.Build.0 = Release|Any CPU
	EndGlobalSection
	GlobalSection(SolutionProperties) = preSolution
		HideSolutionNode = FALSE
	EndGlobalSection
	GlobalSection(ExtensibilityGlobals) = postSolution
		SolutionGuid = {DDF96823-1AF9-4D15-9F13-7F207801ECB4}
	EndGlobalSection
EndGlobal
